// !$*UTF8*$!
{
	archiveVersion = 1;
	classes = {
	};
	objectVersion = 46;
	objects = {

/* Begin PBXBuildFile section */
		7B65832F1C5DC683003939EF /* CustomerViewController.swift in Sources */ = {isa = PBXBuildFile; fileRef = 7B65832E1C5DC683003939EF /* CustomerViewController.swift */; };
		7B6583311C5DDD43003939EF /* RoomImageViewController.swift in Sources */ = {isa = PBXBuildFile; fileRef = 7B6583301C5DDD43003939EF /* RoomImageViewController.swift */; };
		7BA2B3B31C5D4B5D00C7E3D9 /* AppDelegate.swift in Sources */ = {isa = PBXBuildFile; fileRef = 7BA2B3B21C5D4B5D00C7E3D9 /* AppDelegate.swift */; };
		7BA2B3B51C5D4B5D00C7E3D9 /* ViewController.swift in Sources */ = {isa = PBXBuildFile; fileRef = 7BA2B3B41C5D4B5D00C7E3D9 /* ViewController.swift */; };
		7BA2B3C81C5D4B5D00C7E3D9 /* FireDetectionTests.swift in Sources */ = {isa = PBXBuildFile; fileRef = 7BA2B3C71C5D4B5D00C7E3D9 /* FireDetectionTests.swift */; };
		7BA2B3D31C5D4B5D00C7E3D9 /* FireDetectionUITests.swift in Sources */ = {isa = PBXBuildFile; fileRef = 7BA2B3D21C5D4B5D00C7E3D9 /* FireDetectionUITests.swift */; };
		7BA2B3E31C5D5AF400C7E3D9 /* RoomDetailRow.swift in Sources */ = {isa = PBXBuildFile; fileRef = 7BA2B3E21C5D5AF400C7E3D9 /* RoomDetailRow.swift */; };
		7BA2B3E61C5D6C9200C7E3D9 /* HeaderRow.swift in Sources */ = {isa = PBXBuildFile; fileRef = 7BA2B3E51C5D6C9200C7E3D9 /* HeaderRow.swift */; };
		7BA2B3E81C5D827600C7E3D9 /* RoomObject.swift in Sources */ = {isa = PBXBuildFile; fileRef = 7BA2B3E71C5D827600C7E3D9 /* RoomObject.swift */; };
		7BA2B3EA1C5D9BA600C7E3D9 /* Assets.xcassets in Resources */ = {isa = PBXBuildFile; fileRef = 7BA2B3E91C5D9BA600C7E3D9 /* Assets.xcassets */; };
		7BA2B3ED1C5DA00100C7E3D9 /* Main.storyboard in Resources */ = {isa = PBXBuildFile; fileRef = 7BA2B3EB1C5DA00100C7E3D9 /* Main.storyboard */; };
		7BA2B3EF1C5DAC1700C7E3D9 /* Launch Screen.storyboard in Resources */ = {isa = PBXBuildFile; fileRef = 7BA2B3EE1C5DAC1700C7E3D9 /* Launch Screen.storyboard */; };
/* End PBXBuildFile section */

/* Begin PBXContainerItemProxy section */
		7BA2B3C41C5D4B5D00C7E3D9 /* PBXContainerItemProxy */ = {
			isa = PBXContainerItemProxy;
			containerPortal = 7BA2B3A71C5D4B5D00C7E3D9 /* Project object */;
			proxyType = 1;
			remoteGlobalIDString = 7BA2B3AE1C5D4B5D00C7E3D9;
			remoteInfo = FireDetection;
		};
		7BA2B3CF1C5D4B5D00C7E3D9 /* PBXContainerItemProxy */ = {
			isa = PBXContainerItemProxy;
			containerPortal = 7BA2B3A71C5D4B5D00C7E3D9 /* Project object */;
			proxyType = 1;
			remoteGlobalIDString = 7BA2B3AE1C5D4B5D00C7E3D9;
			remoteInfo = FireDetection;
		};
/* End PBXContainerItemProxy section */

/* Begin PBXFileReference section */
		7B65832E1C5DC683003939EF /* CustomerViewController.swift */ = {isa = PBXFileReference; fileEncoding = 4; lastKnownFileType = sourcecode.swift; path = CustomerViewController.swift; sourceTree = "<group>"; };
		7B6583301C5DDD43003939EF /* RoomImageViewController.swift */ = {isa = PBXFileReference; fileEncoding = 4; lastKnownFileType = sourcecode.swift; path = RoomImageViewController.swift; sourceTree = "<group>"; };
		7BA2B3AF1C5D4B5D00C7E3D9 /* FireDetection.app */ = {isa = PBXFileReference; explicitFileType = wrapper.application; includeInIndex = 0; path = FireDetection.app; sourceTree = BUILT_PRODUCTS_DIR; };
		7BA2B3B21C5D4B5D00C7E3D9 /* AppDelegate.swift */ = {isa = PBXFileReference; lastKnownFileType = sourcecode.swift; path = AppDelegate.swift; sourceTree = "<group>"; };
		7BA2B3B41C5D4B5D00C7E3D9 /* ViewController.swift */ = {isa = PBXFileReference; lastKnownFileType = sourcecode.swift; path = ViewController.swift; sourceTree = "<group>"; };
		7BA2B3BE1C5D4B5D00C7E3D9 /* Info.plist */ = {isa = PBXFileReference; lastKnownFileType = text.plist.xml; path = Info.plist; sourceTree = "<group>"; };
		7BA2B3C31C5D4B5D00C7E3D9 /* FireDetectionTests.xctest */ = {isa = PBXFileReference; explicitFileType = wrapper.cfbundle; includeInIndex = 0; path = FireDetectionTests.xctest; sourceTree = BUILT_PRODUCTS_DIR; };
		7BA2B3C71C5D4B5D00C7E3D9 /* FireDetectionTests.swift */ = {isa = PBXFileReference; lastKnownFileType = sourcecode.swift; path = FireDetectionTests.swift; sourceTree = "<group>"; };
		7BA2B3C91C5D4B5D00C7E3D9 /* Info.plist */ = {isa = PBXFileReference; lastKnownFileType = text.plist.xml; path = Info.plist; sourceTree = "<group>"; };
		7BA2B3CE1C5D4B5D00C7E3D9 /* FireDetectionUITests.xctest */ = {isa = PBXFileReference; explicitFileType = wrapper.cfbundle; includeInIndex = 0; path = FireDetectionUITests.xctest; sourceTree = BUILT_PRODUCTS_DIR; };
		7BA2B3D21C5D4B5D00C7E3D9 /* FireDetectionUITests.swift */ = {isa = PBXFileReference; lastKnownFileType = sourcecode.swift; path = FireDetectionUITests.swift; sourceTree = "<group>"; };
		7BA2B3D41C5D4B5D00C7E3D9 /* Info.plist */ = {isa = PBXFileReference; lastKnownFileType = text.plist.xml; path = Info.plist; sourceTree = "<group>"; };
		7BA2B3E21C5D5AF400C7E3D9 /* RoomDetailRow.swift */ = {isa = PBXFileReference; fileEncoding = 4; lastKnownFileType = sourcecode.swift; name = RoomDetailRow.swift; path = ../RoomDetailRow.swift; sourceTree = "<group>"; };
		7BA2B3E51C5D6C9200C7E3D9 /* HeaderRow.swift */ = {isa = PBXFileReference; fileEncoding = 4; lastKnownFileType = sourcecode.swift; path = HeaderRow.swift; sourceTree = "<group>"; };
		7BA2B3E71C5D827600C7E3D9 /* RoomObject.swift */ = {isa = PBXFileReference; fileEncoding = 4; lastKnownFileType = sourcecode.swift; path = RoomObject.swift; sourceTree = "<group>"; };
		7BA2B3E91C5D9BA600C7E3D9 /* Assets.xcassets */ = {isa = PBXFileReference; lastKnownFileType = folder.assetcatalog; path = Assets.xcassets; sourceTree = "<group>"; };
		7BA2B3EC1C5DA00100C7E3D9 /* Base */ = {isa = PBXFileReference; lastKnownFileType = file.storyboard; name = Base; path = Base.lproj/Main.storyboard; sourceTree = "<group>"; };
		7BA2B3EE1C5DAC1700C7E3D9 /* Launch Screen.storyboard */ = {isa = PBXFileReference; fileEncoding = 4; lastKnownFileType = file.storyboard; path = "Launch Screen.storyboard"; sourceTree = "<group>"; };
/* End PBXFileReference section */

/* Begin PBXFrameworksBuildPhase section */
		7BA2B3AC1C5D4B5D00C7E3D9 /* Frameworks */ = {
			isa = PBXFrameworksBuildPhase;
			buildActionMask = 2147483647;
			files = (
			);
			runOnlyForDeploymentPostprocessing = 0;
		};
		7BA2B3C01C5D4B5D00C7E3D9 /* Frameworks */ = {
			isa = PBXFrameworksBuildPhase;
			buildActionMask = 2147483647;
			files = (
			);
			runOnlyForDeploymentPostprocessing = 0;
		};
		7BA2B3CB1C5D4B5D00C7E3D9 /* Frameworks */ = {
			isa = PBXFrameworksBuildPhase;
			buildActionMask = 2147483647;
			files = (
			);
			runOnlyForDeploymentPostprocessing = 0;
		};
/* End PBXFrameworksBuildPhase section */

/* Begin PBXGroup section */
		7BA2B3A61C5D4B5D00C7E3D9 = {
			isa = PBXGroup;
			children = (
				7BA2B3B11C5D4B5D00C7E3D9 /* FireDetection */,
				7BA2B3C61C5D4B5D00C7E3D9 /* FireDetectionTests */,
				7BA2B3D11C5D4B5D00C7E3D9 /* FireDetectionUITests */,
				7BA2B3B01C5D4B5D00C7E3D9 /* Products */,
			);
			sourceTree = "<group>";
		};
		7BA2B3B01C5D4B5D00C7E3D9 /* Products */ = {
			isa = PBXGroup;
			children = (
				7BA2B3AF1C5D4B5D00C7E3D9 /* FireDetection.app */,
				7BA2B3C31C5D4B5D00C7E3D9 /* FireDetectionTests.xctest */,
				7BA2B3CE1C5D4B5D00C7E3D9 /* FireDetectionUITests.xctest */,
			);
			name = Products;
			sourceTree = "<group>";
		};
		7BA2B3B11C5D4B5D00C7E3D9 /* FireDetection */ = {
			isa = PBXGroup;
			children = (
				7BA2B3EB1C5DA00100C7E3D9 /* Main.storyboard */,
				7BA2B3E91C5D9BA600C7E3D9 /* Assets.xcassets */,
				7BA2B3E41C5D5B2D00C7E3D9 /* Views */,
				7BA2B3BE1C5D4B5D00C7E3D9 /* Info.plist */,
				7BA2B3E71C5D827600C7E3D9 /* RoomObject.swift */,
				7BA2B3EE1C5DAC1700C7E3D9 /* Launch Screen.storyboard */,
			);
			path = FireDetection;
			sourceTree = "<group>";
		};
		7BA2B3C61C5D4B5D00C7E3D9 /* FireDetectionTests */ = {
			isa = PBXGroup;
			children = (
				7BA2B3C71C5D4B5D00C7E3D9 /* FireDetectionTests.swift */,
				7BA2B3C91C5D4B5D00C7E3D9 /* Info.plist */,
			);
			path = FireDetectionTests;
			sourceTree = "<group>";
		};
		7BA2B3D11C5D4B5D00C7E3D9 /* FireDetectionUITests */ = {
			isa = PBXGroup;
			children = (
				7BA2B3D21C5D4B5D00C7E3D9 /* FireDetectionUITests.swift */,
				7BA2B3D41C5D4B5D00C7E3D9 /* Info.plist */,
			);
			path = FireDetectionUITests;
			sourceTree = "<group>";
		};
		7BA2B3E41C5D5B2D00C7E3D9 /* Views */ = {
			isa = PBXGroup;
			children = (
				7BA2B3E21C5D5AF400C7E3D9 /* RoomDetailRow.swift */,
				7BA2B3B21C5D4B5D00C7E3D9 /* AppDelegate.swift */,
				7BA2B3B41C5D4B5D00C7E3D9 /* ViewController.swift */,
				7BA2B3E51C5D6C9200C7E3D9 /* HeaderRow.swift */,
				7B65832E1C5DC683003939EF /* CustomerViewController.swift */,
				7B6583301C5DDD43003939EF /* RoomImageViewController.swift */,
			);
			name = Views;
			sourceTree = "<group>";
		};
/* End PBXGroup section */

/* Begin PBXNativeTarget section */
		7BA2B3AE1C5D4B5D00C7E3D9 /* FireDetection */ = {
			isa = PBXNativeTarget;
			buildConfigurationList = 7BA2B3D71C5D4B5D00C7E3D9 /* Build configuration list for PBXNativeTarget "FireDetection" */;
			buildPhases = (
				7BA2B3AB1C5D4B5D00C7E3D9 /* Sources */,
				7BA2B3AC1C5D4B5D00C7E3D9 /* Frameworks */,
				7BA2B3AD1C5D4B5D00C7E3D9 /* Resources */,
			);
			buildRules = (
			);
			dependencies = (
			);
			name = FireDetection;
			productName = FireDetection;
			productReference = 7BA2B3AF1C5D4B5D00C7E3D9 /* FireDetection.app */;
			productType = "com.apple.product-type.application";
		};
		7BA2B3C21C5D4B5D00C7E3D9 /* FireDetectionTests */ = {
			isa = PBXNativeTarget;
			buildConfigurationList = 7BA2B3DA1C5D4B5D00C7E3D9 /* Build configuration list for PBXNativeTarget "FireDetectionTests" */;
			buildPhases = (
				7BA2B3BF1C5D4B5D00C7E3D9 /* Sources */,
				7BA2B3C01C5D4B5D00C7E3D9 /* Frameworks */,
				7BA2B3C11C5D4B5D00C7E3D9 /* Resources */,
			);
			buildRules = (
			);
			dependencies = (
				7BA2B3C51C5D4B5D00C7E3D9 /* PBXTargetDependency */,
			);
			name = FireDetectionTests;
			productName = FireDetectionTests;
			productReference = 7BA2B3C31C5D4B5D00C7E3D9 /* FireDetectionTests.xctest */;
			productType = "com.apple.product-type.bundle.unit-test";
		};
		7BA2B3CD1C5D4B5D00C7E3D9 /* FireDetectionUITests */ = {
			isa = PBXNativeTarget;
			buildConfigurationList = 7BA2B3DD1C5D4B5D00C7E3D9 /* Build configuration list for PBXNativeTarget "FireDetectionUITests" */;
			buildPhases = (
				7BA2B3CA1C5D4B5D00C7E3D9 /* Sources */,
				7BA2B3CB1C5D4B5D00C7E3D9 /* Frameworks */,
				7BA2B3CC1C5D4B5D00C7E3D9 /* Resources */,
			);
			buildRules = (
			);
			dependencies = (
				7BA2B3D01C5D4B5D00C7E3D9 /* PBXTargetDependency */,
			);
			name = FireDetectionUITests;
			productName = FireDetectionUITests;
			productReference = 7BA2B3CE1C5D4B5D00C7E3D9 /* FireDetectionUITests.xctest */;
			productType = "com.apple.product-type.bundle.ui-testing";
		};
/* End PBXNativeTarget section */

/* Begin PBXProject section */
		7BA2B3A71C5D4B5D00C7E3D9 /* Project object */ = {
			isa = PBXProject;
			attributes = {
				LastSwiftUpdateCheck = 0720;
				LastUpgradeCheck = 0720;
				ORGANIZATIONNAME = IPShack;
				TargetAttributes = {
					7BA2B3AE1C5D4B5D00C7E3D9 = {
						CreatedOnToolsVersion = 7.2;
					};
					7BA2B3C21C5D4B5D00C7E3D9 = {
						CreatedOnToolsVersion = 7.2;
						TestTargetID = 7BA2B3AE1C5D4B5D00C7E3D9;
					};
					7BA2B3CD1C5D4B5D00C7E3D9 = {
						CreatedOnToolsVersion = 7.2;
						TestTargetID = 7BA2B3AE1C5D4B5D00C7E3D9;
					};
				};
			};
			buildConfigurationList = 7BA2B3AA1C5D4B5D00C7E3D9 /* Build configuration list for PBXProject "FireDetection" */;
			compatibilityVersion = "Xcode 3.2";
			developmentRegion = English;
			hasScannedForEncodings = 0;
			knownRegions = (
				en,
				Base,
			);
			mainGroup = 7BA2B3A61C5D4B5D00C7E3D9;
			productRefGroup = 7BA2B3B01C5D4B5D00C7E3D9 /* Products */;
			projectDirPath = "";
			projectRoot = "";
			targets = (
				7BA2B3AE1C5D4B5D00C7E3D9 /* FireDetection */,
				7BA2B3C21C5D4B5D00C7E3D9 /* FireDetectionTests */,
				7BA2B3CD1C5D4B5D00C7E3D9 /* FireDetectionUITests */,
			);
		};
/* End PBXProject section */

/* Begin PBXResourcesBuildPhase section */
		7BA2B3AD1C5D4B5D00C7E3D9 /* Resources */ = {
			isa = PBXResourcesBuildPhase;
			buildActionMask = 2147483647;
			files = (
				7BA2B3EF1C5DAC1700C7E3D9 /* Launch Screen.storyboard in Resources */,
				7BA2B3EA1C5D9BA600C7E3D9 /* Assets.xcassets in Resources */,
				7BA2B3ED1C5DA00100C7E3D9 /* Main.storyboard in Resources */,
			);
			runOnlyForDeploymentPostprocessing = 0;
		};
		7BA2B3C11C5D4B5D00C7E3D9 /* Resources */ = {
			isa = PBXResourcesBuildPhase;
			buildActionMask = 2147483647;
			files = (
			);
			runOnlyForDeploymentPostprocessing = 0;
		};
		7BA2B3CC1C5D4B5D00C7E3D9 /* Resources */ = {
			isa = PBXResourcesBuildPhase;
			buildActionMask = 2147483647;
			files = (
			);
			runOnlyForDeploymentPostprocessing = 0;
		};
/* End PBXResourcesBuildPhase section */

/* Begin PBXSourcesBuildPhase section */
		7BA2B3AB1C5D4B5D00C7E3D9 /* Sources */ = {
			isa = PBXSourcesBuildPhase;
			buildActionMask = 2147483647;
			files = (
				7B65832F1C5DC683003939EF /* CustomerViewController.swift in Sources */,
				7B6583311C5DDD43003939EF /* RoomImageViewController.swift in Sources */,
				7BA2B3B51C5D4B5D00C7E3D9 /* ViewController.swift in Sources */,
				7BA2B3B31C5D4B5D00C7E3D9 /* AppDelegate.swift in Sources */,
				7BA2B3E31C5D5AF400C7E3D9 /* RoomDetailRow.swift in Sources */,
				7BA2B3E61C5D6C9200C7E3D9 /* HeaderRow.swift in Sources */,
				7BA2B3E81C5D827600C7E3D9 /* RoomObject.swift in Sources */,
			);
			runOnlyForDeploymentPostprocessing = 0;
		};
		7BA2B3BF1C5D4B5D00C7E3D9 /* Sources */ = {
			isa = PBXSourcesBuildPhase;
			buildActionMask = 2147483647;
			files = (
				7BA2B3C81C5D4B5D00C7E3D9 /* FireDetectionTests.swift in Sources */,
			);
			runOnlyForDeploymentPostprocessing = 0;
		};
		7BA2B3CA1C5D4B5D00C7E3D9 /* Sources */ = {
			isa = PBXSourcesBuildPhase;
			buildActionMask = 2147483647;
			files = (
				7BA2B3D31C5D4B5D00C7E3D9 /* FireDetectionUITests.swift in Sources */,
			);
			runOnlyForDeploymentPostprocessing = 0;
		};
/* End PBXSourcesBuildPhase section */

/* Begin PBXTargetDependency section */
		7BA2B3C51C5D4B5D00C7E3D9 /* PBXTargetDependency */ = {
			isa = PBXTargetDependency;
			target = 7BA2B3AE1C5D4B5D00C7E3D9 /* FireDetection */;
			targetProxy = 7BA2B3C41C5D4B5D00C7E3D9 /* PBXContainerItemProxy */;
		};
		7BA2B3D01C5D4B5D00C7E3D9 /* PBXTargetDependency */ = {
			isa = PBXTargetDependency;
			target = 7BA2B3AE1C5D4B5D00C7E3D9 /* FireDetection */;
			targetProxy = 7BA2B3CF1C5D4B5D00C7E3D9 /* PBXContainerItemProxy */;
		};
/* End PBXTargetDependency section */

/* Begin PBXVariantGroup section */
		7BA2B3EB1C5DA00100C7E3D9 /* Main.storyboard */ = {
			isa = PBXVariantGroup;
			children = (
				7BA2B3EC1C5DA00100C7E3D9 /* Base */,
			);
			name = Main.storyboard;
			sourceTree = "<group>";
		};
/* End PBXVariantGroup section */

/* Begin XCBuildConfiguration section */
		7BA2B3D51C5D4B5D00C7E3D9 /* Debug */ = {
			isa = XCBuildConfiguration;
			buildSettings = {
				ALWAYS_SEARCH_USER_PATHS = NO;
				CLANG_CXX_LANGUAGE_STANDARD = "gnu++0x";
				CLANG_CXX_LIBRARY = "libc++";
				CLANG_ENABLE_MODULES = YES;
				CLANG_ENABLE_OBJC_ARC = YES;
				CLANG_WARN_BOOL_CONVERSION = YES;
				CLANG_WARN_CONSTANT_CONVERSION = YES;
				CLANG_WARN_DIRECT_OBJC_ISA_USAGE = YES_ERROR;
				CLANG_WARN_EMPTY_BODY = YES;
				CLANG_WARN_ENUM_CONVERSION = YES;
				CLANG_WARN_INT_CONVERSION = YES;
				CLANG_WARN_OBJC_ROOT_CLASS = YES_ERROR;
				CLANG_WARN_UNREACHABLE_CODE = YES;
				CLANG_WARN__DUPLICATE_METHOD_MATCH = YES;
				"CODE_SIGN_IDENTITY[sdk=iphoneos*]" = "iPhone Developer";
				COPY_PHASE_STRIP = NO;
				DEBUG_INFORMATION_FORMAT = dwarf;
				ENABLE_STRICT_OBJC_MSGSEND = YES;
				ENABLE_TESTABILITY = YES;
				GCC_C_LANGUAGE_STANDARD = gnu99;
				GCC_DYNAMIC_NO_PIC = NO;
				GCC_NO_COMMON_BLOCKS = YES;
				GCC_OPTIMIZATION_LEVEL = 0;
				GCC_PREPROCESSOR_DEFINITIONS = (
					"DEBUG=1",
					"$(inherited)",
				);
				GCC_WARN_64_TO_32_BIT_CONVERSION = YES;
				GCC_WARN_ABOUT_RETURN_TYPE = YES_ERROR;
				GCC_WARN_UNDECLARED_SELECTOR = YES;
				GCC_WARN_UNINITIALIZED_AUTOS = YES_AGGRESSIVE;
				GCC_WARN_UNUSED_FUNCTION = YES;
				GCC_WARN_UNUSED_VARIABLE = YES;
				IPHONEOS_DEPLOYMENT_TARGET = 9.2;
				MTL_ENABLE_DEBUG_INFO = YES;
				ONLY_ACTIVE_ARCH = YES;
				SDKROOT = iphoneos;
				SWIFT_OPTIMIZATION_LEVEL = "-Onone";
				TARGETED_DEVICE_FAMILY = "1,2";
			};
			name = Debug;
		};
		7BA2B3D61C5D4B5D00C7E3D9 /* Release */ = {
			isa = XCBuildConfiguration;
			buildSettings = {
				ALWAYS_SEARCH_USER_PATHS = NO;
				CLANG_CXX_LANGUAGE_STANDARD = "gnu++0x";
				CLANG_CXX_LIBRARY = "libc++";
				CLANG_ENABLE_MODULES = YES;
				CLANG_ENABLE_OBJC_ARC = YES;
				CLANG_WARN_BOOL_CONVERSION = YES;
				CLANG_WARN_CONSTANT_CONVERSION = YES;
				CLANG_WARN_DIRECT_OBJC_ISA_USAGE = YES_ERROR;
				CLANG_WARN_EMPTY_BODY = YES;
				CLANG_WARN_ENUM_CONVERSION = YES;
				CLANG_WARN_INT_CONVERSION = YES;
				CLANG_WARN_OBJC_ROOT_CLASS = YES_ERROR;
				CLANG_WARN_UNREACHABLE_CODE = YES;
				CLANG_WARN__DUPLICATE_METHOD_MATCH = YES;
				"CODE_SIGN_IDENTITY[sdk=iphoneos*]" = "iPhone Developer";
				COPY_PHASE_STRIP = NO;
				DEBUG_INFORMATION_FORMAT = "dwarf-with-dsym";
				ENABLE_NS_ASSERTIONS = NO;
				ENABLE_STRICT_OBJC_MSGSEND = YES;
				GCC_C_LANGUAGE_STANDARD = gnu99;
				GCC_NO_COMMON_BLOCKS = YES;
				GCC_WARN_64_TO_32_BIT_CONVERSION = YES;
				GCC_WARN_ABOUT_RETURN_TYPE = YES_ERROR;
				GCC_WARN_UNDECLARED_SELECTOR = YES;
				GCC_WARN_UNINITIALIZED_AUTOS = YES_AGGRESSIVE;
				GCC_WARN_UNUSED_FUNCTION = YES;
				GCC_WARN_UNUSED_VARIABLE = YES;
				IPHONEOS_DEPLOYMENT_TARGET = 9.2;
				MTL_ENABLE_DEBUG_INFO = NO;
				SDKROOT = iphoneos;
				TARGETED_DEVICE_FAMILY = "1,2";
				VALIDATE_PRODUCT = YES;
			};
			name = Release;
		};
		7BA2B3D81C5D4B5D00C7E3D9 /* Debug */ = {
			isa = XCBuildConfiguration;
			buildSettings = {
				ASSETCATALOG_COMPILER_APPICON_NAME = AppIcon;
				ASSETCATALOG_COMPILER_LAUNCHIMAGE_NAME = LaunchImage;
				INFOPLIST_FILE = FireDetection/Info.plist;
				LD_RUNPATH_SEARCH_PATHS = "$(inherited) @executable_path/Frameworks";
				PRODUCT_BUNDLE_IDENTIFIER = IPShacks.FireDetection;
				PRODUCT_NAME = "$(TARGET_NAME)";
				TARGETED_DEVICE_FAMILY = "1,2";
			};
			name = Debug;
		};
		7BA2B3D91C5D4B5D00C7E3D9 /* Release */ = {
			isa = XCBuildConfiguration;
			buildSettings = {
				ASSETCATALOG_COMPILER_APPICON_NAME = AppIcon;
				ASSETCATALOG_COMPILER_LAUNCHIMAGE_NAME = LaunchImage;
				INFOPLIST_FILE = FireDetection/Info.plist;
				LD_RUNPATH_SEARCH_PATHS = "$(inherited) @executable_path/Frameworks";
				PRODUCT_BUNDLE_IDENTIFIER = IPShacks.FireDetection;
				PRODUCT_NAME = "$(TARGET_NAME)";
				TARGETED_DEVICE_FAMILY = "1,2";
			};
			name = Release;
		};
		7BA2B3DB1C5D4B5D00C7E3D9 /* Debug */ = {
			isa = XCBuildConfiguration;
			buildSettings = {
				BUNDLE_LOADER = "$(TEST_HOST)";
				INFOPLIST_FILE = FireDetectionTests/Info.plist;
				LD_RUNPATH_SEARCH_PATHS = "$(inherited) @executable_path/Frameworks @loader_path/Frameworks";
				PRODUCT_BUNDLE_IDENTIFIER = IPShacks.FireDetectionTests;
				PRODUCT_NAME = "$(TARGET_NAME)";
				TEST_HOST = "$(BUILT_PRODUCTS_DIR)/FireDetection.app/FireDetection";
			};
			name = Debug;
		};
		7BA2B3DC1C5D4B5D00C7E3D9 /* Release */ = {
			isa = XCBuildConfiguration;
			buildSettings = {
				BUNDLE_LOADER = "$(TEST_HOST)";
				INFOPLIST_FILE = FireDetectionTests/Info.plist;
				LD_RUNPATH_SEARCH_PATHS = "$(inherited) @executable_path/Frameworks @loader_path/Frameworks";
				PRODUCT_BUNDLE_IDENTIFIER = IPShacks.FireDetectionTests;
				PRODUCT_NAME = "$(TARGET_NAME)";
				TEST_HOST = "$(BUILT_PRODUCTS_DIR)/FireDetection.app/FireDetection";
			};
			name = Release;
		};
		7BA2B3DE1C5D4B5D00C7E3D9 /* Debug */ = {
			isa = XCBuildConfiguration;
			buildSettings = {
				INFOPLIST_FILE = FireDetectionUITests/Info.plist;
				LD_RUNPATH_SEARCH_PATHS = "$(inherited) @executable_path/Frameworks @loader_path/Frameworks";
				PRODUCT_BUNDLE_IDENTIFIER = IPShacks.FireDetectionUITests;
				PRODUCT_NAME = "$(TARGET_NAME)";
				TEST_TARGET_NAME = FireDetection;
				USES_XCTRUNNER = YES;
			};
			name = Debug;
		};
		7BA2B3DF1C5D4B5D00C7E3D9 /* Release */ = {
			isa = XCBuildConfiguration;
			buildSettings = {
				INFOPLIST_FILE = FireDetectionUITests/Info.plist;
				LD_RUNPATH_SEARCH_PATHS = "$(inherited) @executable_path/Frameworks @loader_path/Frameworks";
				PRODUCT_BUNDLE_IDENTIFIER = IPShacks.FireDetectionUITests;
				PRODUCT_NAME = "$(TARGET_NAME)";
				TEST_TARGET_NAME = FireDetection;
				USES_XCTRUNNER = YES;
			};
			name = Release;
		};
/* End XCBuildConfiguration section */

/* Begin XCConfigurationList section */
		7BA2B3AA1C5D4B5D00C7E3D9 /* Build configuration list for PBXProject "FireDetection" */ = {
			isa = XCConfigurationList;
			buildConfigurations = (
				7BA2B3D51C5D4B5D00C7E3D9 /* Debug */,
				7BA2B3D61C5D4B5D00C7E3D9 /* Release */,
			);
			defaultConfigurationIsVisible = 0;
			defaultConfigurationName = Release;
		};
		7BA2B3D71C5D4B5D00C7E3D9 /* Build configuration list for PBXNativeTarget "FireDetection" */ = {
			isa = XCConfigurationList;
			buildConfigurations = (
				7BA2B3D81C5D4B5D00C7E3D9 /* Debug */,
				7BA2B3D91C5D4B5D00C7E3D9 /* Release */,
			);
			defaultConfigurationIsVisible = 0;
			defaultConfigurationName = Release;
		};
		7BA2B3DA1C5D4B5D00C7E3D9 /* Build configuration list for PBXNativeTarget "FireDetectionTests" */ = {
			isa = XCConfigurationList;
			buildConfigurations = (
				7BA2B3DB1C5D4B5D00C7E3D9 /* Debug */,
				7BA2B3DC1C5D4B5D00C7E3D9 /* Release */,
			);
			defaultConfigurationIsVisible = 0;
			defaultConfigurationName = Release;
		};
		7BA2B3DD1C5D4B5D00C7E3D9 /* Build configuration list for PBXNativeTarget "FireDetectionUITests" */ = {
			isa = XCConfigurationList;
			buildConfigurations = (
				7BA2B3DE1C5D4B5D00C7E3D9 /* Debug */,
				7BA2B3DF1C5D4B5D00C7E3D9 /* Release */,
			);
			defaultConfigurationIsVisible = 0;
			defaultConfigurationName = Release;
		};
/* End XCConfigurationList section */
	};
	rootObject = 7BA2B3A71C5D4B5D00C7E3D9 /* Project object */;
}
